
Microsoft Visual Studio Solution File, Format Version 12.00
# Visual Studio Version 16
VisualStudioVersion = 16.0.31424.327
MinimumVisualStudioVersion = 10.0.40219.1
Project("{FAE04EC0-301F-11D3-BF4B-00C04F79EFBC}") = "MigradorArquivosFtp", "MigradorArquivosFtp\MigradorArquivosFtp.csproj", "{9CC98B2B-854C-48A6-9F73-B21FFB53809A}"
EndProject
Global
	GlobalSection(SolutionConfigurationPlatforms) = preSolution
		Debug|Any CPU = Debug|Any CPU
		Release|Any CPU = Release|Any CPU
	EndGlobalSection
	GlobalSection(ProjectConfigurationPlatforms) = postSolution
		{9CC98B2B-854C-48A6-9F73-B21FFB53809A}.Debug|Any CPU.ActiveCfg = Debug|Any CPU
		{9CC98B2B-854C-48A6-9F73-B21FFB53809A}.Debug|Any CPU.Build.0 = Debug|Any CPU
		{9CC98B2B-854C-48A6-9F73-B21FFB53809A}.Release|Any CPU.ActiveCfg = Release|Any CPU
		{9CC98B2B-854C-48A6-9F73-B21FFB53809A}.Release|Any CPU.Build.0 = Release|Any CPU
	EndGlobalSection
	GlobalSection(SolutionProperties) = preSolution
		HideSolutionNode = FALSE
	EndGlobalSection
	GlobalSection(ExtensibilityGlobals) = postSolution
		SolutionGuid = {85CE2DED-ED00-4F64-B873-2BDB9DE10B09}
	EndGlobalSection
EndGlobal
